
Microsoft Visual Studio Solution File, Format Version 12.00
# Visual Studio Version 16
VisualStudioVersion = 16.0.31321.278
MinimumVisualStudioVersion = 10.0.40219.1
Project("{FAE04EC0-301F-11D3-BF4B-00C04F79EFBC}") = "MoonFlower", "MoonFlower\MoonFlower.csproj", "{6C1F378F-67F5-4520-B5DA-EA6625DB563C}"
EndProject
Global
	GlobalSection(SolutionConfigurationPlatforms) = preSolution
		Debug|Any CPU = Debug|Any CPU
		Release|Any CPU = Release|Any CPU
	EndGlobalSection
	GlobalSection(ProjectConfigurationPlatforms) = postSolution
		{6C1F378F-67F5-4520-B5DA-EA6625DB563C}.Debug|Any CPU.ActiveCfg = Debug|Any CPU
		{6C1F378F-67F5-4520-B5DA-EA6625DB563C}.Debug|Any CPU.Build.0 = Debug|Any CPU
		{6C1F378F-67F5-4520-B5DA-EA6625DB563C}.Release|Any CPU.ActiveCfg = Release|Any CPU
		{6C1F378F-67F5-4520-B5DA-EA6625DB563C}.Release|Any CPU.Build.0 = Release|Any CPU
	EndGlobalSection
	GlobalSection(SolutionProperties) = preSolution
		HideSolutionNode = FALSE
	EndGlobalSection
	GlobalSection(ExtensibilityGlobals) = postSolution
		SolutionGuid = {2E5E2687-E853-4B0D-8834-DE2F2A9465F3}
	EndGlobalSection
EndGlobal
